
Microsoft Visual Studio Solution File, Format Version 12.00
# Visual Studio Version 17
VisualStudioVersion = 17.12.35506.116
MinimumVisualStudioVersion = 10.0.40219.1
Project("{FAE04EC0-301F-11D3-BF4B-00C04F79EFBC}") = "Crucible.Mediator", "Mediator\Crucible.Mediator\Crucible.Mediator.csproj", "{C06356A7-10D2-4736-B032-9552DC60E005}"
EndProject
Project("{2150E333-8FDC-42A3-9474-1A3956D46DE8}") = "Mediator", "Mediator", "{9F7579D3-C2A6-4953-B173-194950BA77C8}"
EndProject
Project("{FAE04EC0-301F-11D3-BF4B-00C04F79EFBC}") = "Crucible.Mediator.Abstractions", "Mediator\Crucible.Mediator.Abstractions\Crucible.Mediator.Abstractions.csproj", "{7AF9E625-F5EB-4D0E-AF19-04D15F0D360C}"
EndProject
Project("{FAE04EC0-301F-11D3-BF4B-00C04F79EFBC}") = "Crucible.Mediator.Abstractions.Annotations", "Mediator\Crucible.Mediator.Abstractions.Annotations\Crucible.Mediator.Abstractions.Annotations.csproj", "{335D8D54-C1A7-480B-81A2-3185DC8ECAB2}"
EndProject
Project("{2150E333-8FDC-42A3-9474-1A3956D46DE8}") = "Solution Items", "Solution Items", "{93808555-FE6D-48A5-953A-7A720564B5B9}"
	ProjectSection(SolutionItems) = preProject
		.editorconfig = .editorconfig
		Directory.Build.props = Directory.Build.props
		Directory.Packages.props = Directory.Packages.props
	EndProjectSection
EndProject
Project("{2150E333-8FDC-42A3-9474-1A3956D46DE8}") = "Tests", "Tests", "{B35B5E68-D79E-4A2F-8ED3-032A6137CF00}"
EndProject
Project("{2150E333-8FDC-42A3-9474-1A3956D46DE8}") = "Benchmarks", "Benchmarks", "{146F4C6B-FB82-4B97-B48F-1E01ADE73A36}"
EndProject
Project("{FAE04EC0-301F-11D3-BF4B-00C04F79EFBC}") = "Crucible.Mediator.Benchmarks", "Mediator\Benchmarks\Crucible.Mediator.Benchmarks\Crucible.Mediator.Benchmarks.csproj", "{4D7B02EA-A8E5-47D6-BD84-0CF32F979E7B}"
EndProject
Global
	GlobalSection(SolutionConfigurationPlatforms) = preSolution
		Debug|Any CPU = Debug|Any CPU
		Release|Any CPU = Release|Any CPU
	EndGlobalSection
	GlobalSection(ProjectConfigurationPlatforms) = postSolution
		{C06356A7-10D2-4736-B032-9552DC60E005}.Debug|Any CPU.ActiveCfg = Debug|Any CPU
		{C06356A7-10D2-4736-B032-9552DC60E005}.Debug|Any CPU.Build.0 = Debug|Any CPU
		{C06356A7-10D2-4736-B032-9552DC60E005}.Release|Any CPU.ActiveCfg = Release|Any CPU
		{C06356A7-10D2-4736-B032-9552DC60E005}.Release|Any CPU.Build.0 = Release|Any CPU
		{7AF9E625-F5EB-4D0E-AF19-04D15F0D360C}.Debug|Any CPU.ActiveCfg = Debug|Any CPU
		{7AF9E625-F5EB-4D0E-AF19-04D15F0D360C}.Debug|Any CPU.Build.0 = Debug|Any CPU
		{7AF9E625-F5EB-4D0E-AF19-04D15F0D360C}.Release|Any CPU.ActiveCfg = Release|Any CPU
		{7AF9E625-F5EB-4D0E-AF19-04D15F0D360C}.Release|Any CPU.Build.0 = Release|Any CPU
		{335D8D54-C1A7-480B-81A2-3185DC8ECAB2}.Debug|Any CPU.ActiveCfg = Debug|Any CPU
		{335D8D54-C1A7-480B-81A2-3185DC8ECAB2}.Debug|Any CPU.Build.0 = Debug|Any CPU
		{335D8D54-C1A7-480B-81A2-3185DC8ECAB2}.Release|Any CPU.ActiveCfg = Release|Any CPU
		{335D8D54-C1A7-480B-81A2-3185DC8ECAB2}.Release|Any CPU.Build.0 = Release|Any CPU
		{4D7B02EA-A8E5-47D6-BD84-0CF32F979E7B}.Debug|Any CPU.ActiveCfg = Debug|Any CPU
		{4D7B02EA-A8E5-47D6-BD84-0CF32F979E7B}.Debug|Any CPU.Build.0 = Debug|Any CPU
		{4D7B02EA-A8E5-47D6-BD84-0CF32F979E7B}.Release|Any CPU.ActiveCfg = Release|Any CPU
		{4D7B02EA-A8E5-47D6-BD84-0CF32F979E7B}.Release|Any CPU.Build.0 = Release|Any CPU
	EndGlobalSection
	GlobalSection(SolutionProperties) = preSolution
		HideSolutionNode = FALSE
	EndGlobalSection
	GlobalSection(NestedProjects) = preSolution
		{C06356A7-10D2-4736-B032-9552DC60E005} = {9F7579D3-C2A6-4953-B173-194950BA77C8}
		{7AF9E625-F5EB-4D0E-AF19-04D15F0D360C} = {9F7579D3-C2A6-4953-B173-194950BA77C8}
		{335D8D54-C1A7-480B-81A2-3185DC8ECAB2} = {9F7579D3-C2A6-4953-B173-194950BA77C8}
		{B35B5E68-D79E-4A2F-8ED3-032A6137CF00} = {9F7579D3-C2A6-4953-B173-194950BA77C8}
		{146F4C6B-FB82-4B97-B48F-1E01ADE73A36} = {9F7579D3-C2A6-4953-B173-194950BA77C8}
		{4D7B02EA-A8E5-47D6-BD84-0CF32F979E7B} = {146F4C6B-FB82-4B97-B48F-1E01ADE73A36}
	EndGlobalSection
EndGlobal
