Microsoft Visual Studio Solution File, Format Version 12.00
# Visual Studio Version 17
VisualStudioVersion = 17.12.35527.113
MinimumVisualStudioVersion = 10.0.40219.1
Project("{2150E333-8FDC-42A3-9474-1A3956D46DE8}") = ".Solution Items", ".Solution Items", "{089100B1-113F-4E66-888A-E83F3999EAFD}"
	ProjectSection(SolutionItems) = preProject
		.editorconfig = .editorconfig
		Directory.Build.props = Directory.Build.props
		Directory.Packages.props = Directory.Packages.props
		nuget.config = nuget.config
	EndProjectSection
EndProject
Project("{2150E333-8FDC-42A3-9474-1A3956D46DE8}") = "Mediator", "Mediator", "{C72E896A-0986-84B8-B02A-D018EDF3EC0B}"
EndProject
Project("{FAE04EC0-301F-11D3-BF4B-00C04F79EFBC}") = "Ingot.Mediator.Contracts", "Mediator\Ingot.Mediator.Contracts\Ingot.Mediator.Contracts.csproj", "{B9F771B7-8F4E-7A07-6D09-6CAF0CDDCEEC}"
EndProject
Project("{FAE04EC0-301F-11D3-BF4B-00C04F79EFBC}") = "Ingot.Mediator.Abstractions", "Mediator\Ingot.Mediator.Abstractions\Ingot.Mediator.Abstractions.csproj", "{0CADA0E7-3C14-449E-B20E-FAB44B049484}"
EndProject
Project("{FAE04EC0-301F-11D3-BF4B-00C04F79EFBC}") = "Ingot.Mediator.DependencyInjection", "Mediator\Ingot.Mediator.DependencyInjection\Ingot.Mediator.DependencyInjection.csproj", "{74254B22-9C36-B07F-C0F2-162E67BBD312}"
EndProject
Project("{FAE04EC0-301F-11D3-BF4B-00C04F79EFBC}") = "Ingot.Mediator.Engine", "Mediator\Ingot.Mediator.Engine\Ingot.Mediator.Engine.csproj", "{E48B7DB5-918D-3B29-94B4-436799E70DEC}"
EndProject
Project("{FAE04EC0-301F-11D3-BF4B-00C04F79EFBC}") = "Ingot.Mediator", "Mediator\Ingot.Mediator\Ingot.Mediator.csproj", "{52F902D4-CFFC-9CDE-8EF2-E2B244B2A082}"
EndProject
Project("{2150E333-8FDC-42A3-9474-1A3956D46DE8}") = "Mocks", "Mocks", "{63BAD213-F085-46AE-B804-89943E769437}"
EndProject
Project("{FAE04EC0-301F-11D3-BF4B-00C04F79EFBC}") = "Ingot.Mediator.Abstractions.Mocks", "Mediator\Mocks\Ingot.Mediator.Abstractions.Mocks\Ingot.Mediator.Abstractions.Mocks.csproj", "{E5DDCE03-5ACD-4EAA-86DB-C9849A8AED0B}"
EndProject
Project("{FAE04EC0-301F-11D3-BF4B-00C04F79EFBC}") = "Ingot.Mediator.Engine.Mocks", "Mediator\Mocks\Ingot.Mediator.Engine.Mocks\Ingot.Mediator.Engine.Mocks.csproj", "{A047483D-B7E0-4DDC-936F-4FC00A33069B}"
EndProject
Project("{2150E333-8FDC-42A3-9474-1A3956D46DE8}") = "Tests", "Tests", "{8D59C2FC-11B0-6F37-3D5B-1719ACDE26D4}"
EndProject
Project("{FAE04EC0-301F-11D3-BF4B-00C04F79EFBC}") = "Ingot.Mediator.Abstractions.Tests", "Mediator\Tests\Ingot.Mediator.Abstractions.Tests\Ingot.Mediator.Abstractions.Tests.csproj", "{552A736E-7087-D4E3-F2E5-991AA576946D}"
EndProject
Project("{FAE04EC0-301F-11D3-BF4B-00C04F79EFBC}") = "Ingot.Mediator.DependencyInjection.Tests", "Mediator\Tests\Ingot.Mediator.DependencyInjection.Tests\Ingot.Mediator.DependencyInjection.Tests.csproj", "{909F995D-854A-40B3-A4E5-43312F6F7037}"
EndProject
Project("{FAE04EC0-301F-11D3-BF4B-00C04F79EFBC}") = "Ingot.Mediator.Engine.Tests", "Mediator\Tests\Ingot.Mediator.Engine.Tests\Ingot.Mediator.Engine.Tests.csproj", "{21741780-594A-F146-0914-64490DCA3F58}"
EndProject
Project("{2150E333-8FDC-42A3-9474-1A3956D46DE8}") = "Testing", "Testing", "{263E61AE-E925-43C8-B3BB-B23D8A78736D}"
EndProject
Project("{FAE04EC0-301F-11D3-BF4B-00C04F79EFBC}") = "Ingot.Testing.NUnit", "Testing\Ingot.Testing.NUnit\Ingot.Testing.NUnit.csproj", "{3830CBDF-E3A5-4A5A-999B-6094CF425C21}"
EndProject
Global
	GlobalSection(SolutionConfigurationPlatforms) = preSolution
		Debug|Any CPU = Debug|Any CPU
		Release|Any CPU = Release|Any CPU
	EndGlobalSection
	GlobalSection(ProjectConfigurationPlatforms) = postSolution
		{B9F771B7-8F4E-7A07-6D09-6CAF0CDDCEEC}.Debug|Any CPU.ActiveCfg = Debug|Any CPU
		{B9F771B7-8F4E-7A07-6D09-6CAF0CDDCEEC}.Debug|Any CPU.Build.0 = Debug|Any CPU
		{B9F771B7-8F4E-7A07-6D09-6CAF0CDDCEEC}.Release|Any CPU.ActiveCfg = Release|Any CPU
		{B9F771B7-8F4E-7A07-6D09-6CAF0CDDCEEC}.Release|Any CPU.Build.0 = Release|Any CPU
		{0CADA0E7-3C14-449E-B20E-FAB44B049484}.Debug|Any CPU.ActiveCfg = Debug|Any CPU
		{0CADA0E7-3C14-449E-B20E-FAB44B049484}.Debug|Any CPU.Build.0 = Debug|Any CPU
		{0CADA0E7-3C14-449E-B20E-FAB44B049484}.Release|Any CPU.ActiveCfg = Release|Any CPU
		{0CADA0E7-3C14-449E-B20E-FAB44B049484}.Release|Any CPU.Build.0 = Release|Any CPU
		{74254B22-9C36-B07F-C0F2-162E67BBD312}.Debug|Any CPU.ActiveCfg = Debug|Any CPU
		{74254B22-9C36-B07F-C0F2-162E67BBD312}.Debug|Any CPU.Build.0 = Debug|Any CPU
		{74254B22-9C36-B07F-C0F2-162E67BBD312}.Release|Any CPU.ActiveCfg = Release|Any CPU
		{74254B22-9C36-B07F-C0F2-162E67BBD312}.Release|Any CPU.Build.0 = Release|Any CPU
		{E48B7DB5-918D-3B29-94B4-436799E70DEC}.Debug|Any CPU.ActiveCfg = Debug|Any CPU
		{E48B7DB5-918D-3B29-94B4-436799E70DEC}.Debug|Any CPU.Build.0 = Debug|Any CPU
		{E48B7DB5-918D-3B29-94B4-436799E70DEC}.Release|Any CPU.ActiveCfg = Release|Any CPU
		{E48B7DB5-918D-3B29-94B4-436799E70DEC}.Release|Any CPU.Build.0 = Release|Any CPU
		{52F902D4-CFFC-9CDE-8EF2-E2B244B2A082}.Debug|Any CPU.ActiveCfg = Debug|Any CPU
		{52F902D4-CFFC-9CDE-8EF2-E2B244B2A082}.Debug|Any CPU.Build.0 = Debug|Any CPU
		{52F902D4-CFFC-9CDE-8EF2-E2B244B2A082}.Release|Any CPU.ActiveCfg = Release|Any CPU
		{52F902D4-CFFC-9CDE-8EF2-E2B244B2A082}.Release|Any CPU.Build.0 = Release|Any CPU
		{E5DDCE03-5ACD-4EAA-86DB-C9849A8AED0B}.Debug|Any CPU.ActiveCfg = Debug|Any CPU
		{E5DDCE03-5ACD-4EAA-86DB-C9849A8AED0B}.Debug|Any CPU.Build.0 = Debug|Any CPU
		{E5DDCE03-5ACD-4EAA-86DB-C9849A8AED0B}.Release|Any CPU.ActiveCfg = Release|Any CPU
		{E5DDCE03-5ACD-4EAA-86DB-C9849A8AED0B}.Release|Any CPU.Build.0 = Release|Any CPU
		{A047483D-B7E0-4DDC-936F-4FC00A33069B}.Debug|Any CPU.ActiveCfg = Debug|Any CPU
		{A047483D-B7E0-4DDC-936F-4FC00A33069B}.Debug|Any CPU.Build.0 = Debug|Any CPU
		{A047483D-B7E0-4DDC-936F-4FC00A33069B}.Release|Any CPU.ActiveCfg = Release|Any CPU
		{A047483D-B7E0-4DDC-936F-4FC00A33069B}.Release|Any CPU.Build.0 = Release|Any CPU
		{552A736E-7087-D4E3-F2E5-991AA576946D}.Debug|Any CPU.ActiveCfg = Debug|Any CPU
		{552A736E-7087-D4E3-F2E5-991AA576946D}.Debug|Any CPU.Build.0 = Debug|Any CPU
		{552A736E-7087-D4E3-F2E5-991AA576946D}.Release|Any CPU.ActiveCfg = Release|Any CPU
		{552A736E-7087-D4E3-F2E5-991AA576946D}.Release|Any CPU.Build.0 = Release|Any CPU
		{909F995D-854A-40B3-A4E5-43312F6F7037}.Debug|Any CPU.ActiveCfg = Debug|Any CPU
		{909F995D-854A-40B3-A4E5-43312F6F7037}.Debug|Any CPU.Build.0 = Debug|Any CPU
		{909F995D-854A-40B3-A4E5-43312F6F7037}.Release|Any CPU.ActiveCfg = Release|Any CPU
		{909F995D-854A-40B3-A4E5-43312F6F7037}.Release|Any CPU.Build.0 = Release|Any CPU
		{21741780-594A-F146-0914-64490DCA3F58}.Debug|Any CPU.ActiveCfg = Debug|Any CPU
		{21741780-594A-F146-0914-64490DCA3F58}.Debug|Any CPU.Build.0 = Debug|Any CPU
		{21741780-594A-F146-0914-64490DCA3F58}.Release|Any CPU.ActiveCfg = Release|Any CPU
		{21741780-594A-F146-0914-64490DCA3F58}.Release|Any CPU.Build.0 = Release|Any CPU
		{3830CBDF-E3A5-4A5A-999B-6094CF425C21}.Debug|Any CPU.ActiveCfg = Debug|Any CPU
		{3830CBDF-E3A5-4A5A-999B-6094CF425C21}.Debug|Any CPU.Build.0 = Debug|Any CPU
		{3830CBDF-E3A5-4A5A-999B-6094CF425C21}.Release|Any CPU.ActiveCfg = Release|Any CPU
		{3830CBDF-E3A5-4A5A-999B-6094CF425C21}.Release|Any CPU.Build.0 = Release|Any CPU
	EndGlobalSection
	GlobalSection(SolutionProperties) = preSolution
		HideSolutionNode = FALSE
	EndGlobalSection
	GlobalSection(NestedProjects) = preSolution
		{B9F771B7-8F4E-7A07-6D09-6CAF0CDDCEEC} = {C72E896A-0986-84B8-B02A-D018EDF3EC0B}
		{0CADA0E7-3C14-449E-B20E-FAB44B049484} = {C72E896A-0986-84B8-B02A-D018EDF3EC0B}
		{74254B22-9C36-B07F-C0F2-162E67BBD312} = {C72E896A-0986-84B8-B02A-D018EDF3EC0B}
		{E48B7DB5-918D-3B29-94B4-436799E70DEC} = {C72E896A-0986-84B8-B02A-D018EDF3EC0B}
		{52F902D4-CFFC-9CDE-8EF2-E2B244B2A082} = {C72E896A-0986-84B8-B02A-D018EDF3EC0B}
		{63BAD213-F085-46AE-B804-89943E769437} = {C72E896A-0986-84B8-B02A-D018EDF3EC0B}
		{E5DDCE03-5ACD-4EAA-86DB-C9849A8AED0B} = {63BAD213-F085-46AE-B804-89943E769437}
		{A047483D-B7E0-4DDC-936F-4FC00A33069B} = {63BAD213-F085-46AE-B804-89943E769437}
		{8D59C2FC-11B0-6F37-3D5B-1719ACDE26D4} = {C72E896A-0986-84B8-B02A-D018EDF3EC0B}
		{552A736E-7087-D4E3-F2E5-991AA576946D} = {8D59C2FC-11B0-6F37-3D5B-1719ACDE26D4}
		{909F995D-854A-40B3-A4E5-43312F6F7037} = {8D59C2FC-11B0-6F37-3D5B-1719ACDE26D4}
		{21741780-594A-F146-0914-64490DCA3F58} = {8D59C2FC-11B0-6F37-3D5B-1719ACDE26D4}
		{3830CBDF-E3A5-4A5A-999B-6094CF425C21} = {263E61AE-E925-43C8-B3BB-B23D8A78736D}
	EndGlobalSection
EndGlobal
